
Microsoft Visual Studio Solution File, Format Version 12.00
# Visual Studio Version 17
VisualStudioVersion = 17.7.34031.279
MinimumVisualStudioVersion = 10.0.40219.1
Project("{8BC9CEB8-8B4A-11D0-8D11-00A0C91BC942}") = "Seminar13", "Seminar13\Seminar13.vcxproj", "{EB0358EE-0A44-42E7-99CB-7E75006D45E2}"
EndProject
Global
	GlobalSection(SolutionConfigurationPlatforms) = preSolution
		Debug|x64 = Debug|x64
		Debug|x86 = Debug|x86
		Release|x64 = Release|x64
		Release|x86 = Release|x86
	EndGlobalSection
	GlobalSection(ProjectConfigurationPlatforms) = postSolution
		{EB0358EE-0A44-42E7-99CB-7E75006D45E2}.Debug|x64.ActiveCfg = Debug|x64
		{EB0358EE-0A44-42E7-99CB-7E75006D45E2}.Debug|x64.Build.0 = Debug|x64
		{EB0358EE-0A44-42E7-99CB-7E75006D45E2}.Debug|x86.ActiveCfg = Debug|Win32
		{EB0358EE-0A44-42E7-99CB-7E75006D45E2}.Debug|x86.Build.0 = Debug|Win32
		{EB0358EE-0A44-42E7-99CB-7E75006D45E2}.Release|x64.ActiveCfg = Release|x64
		{EB0358EE-0A44-42E7-99CB-7E75006D45E2}.Release|x64.Build.0 = Release|x64
		{EB0358EE-0A44-42E7-99CB-7E75006D45E2}.Release|x86.ActiveCfg = Release|Win32
		{EB0358EE-0A44-42E7-99CB-7E75006D45E2}.Release|x86.Build.0 = Release|Win32
	EndGlobalSection
	GlobalSection(SolutionProperties) = preSolution
		HideSolutionNode = FALSE
	EndGlobalSection
	GlobalSection(ExtensibilityGlobals) = postSolution
		SolutionGuid = {61C1659E-06F9-4712-A6CB-F9AA3DDF8436}
	EndGlobalSection
EndGlobal
